// !$*UTF8*$!
{
	archiveVersion = 1;
	classes = {
	};
	objectVersion = 46;
	objects = {

/* Begin PBXBuildFile section */
		22A1C9DC1C76A26D00ACBE0F /* AppDelegate.swift in Sources */ = {isa = PBXBuildFile; fileRef = 22A1C9DB1C76A26D00ACBE0F /* AppDelegate.swift */; };
		22A1C9E11C76A26D00ACBE0F /* MasterViewController.swift in Sources */ = {isa = PBXBuildFile; fileRef = 22A1C9E01C76A26D00ACBE0F /* MasterViewController.swift */; };
		22A1C9E31C76A26D00ACBE0F /* DetailViewController.swift in Sources */ = {isa = PBXBuildFile; fileRef = 22A1C9E21C76A26D00ACBE0F /* DetailViewController.swift */; };
		22A1C9E61C76A26D00ACBE0F /* Main.storyboard in Resources */ = {isa = PBXBuildFile; fileRef = 22A1C9E41C76A26D00ACBE0F /* Main.storyboard */; };
		22A1C9E81C76A26E00ACBE0F /* Assets.xcassets in Resources */ = {isa = PBXBuildFile; fileRef = 22A1C9E71C76A26E00ACBE0F /* Assets.xcassets */; };
		22A1C9EB1C76A26E00ACBE0F /* LaunchScreen.storyboard in Resources */ = {isa = PBXBuildFile; fileRef = 22A1C9E91C76A26E00ACBE0F /* LaunchScreen.storyboard */; };
		22A1C9F61C76A26E00ACBE0F /* WescamTests.swift in Sources */ = {isa = PBXBuildFile; fileRef = 22A1C9F51C76A26E00ACBE0F /* WescamTests.swift */; };
		22A1CA011C76A26E00ACBE0F /* WescamUITests.swift in Sources */ = {isa = PBXBuildFile; fileRef = 22A1CA001C76A26E00ACBE0F /* WescamUITests.swift */; };
		22A1CA0F1C778BC100ACBE0F /* LoginViewController.swift in Sources */ = {isa = PBXBuildFile; fileRef = 22A1CA0E1C778BC100ACBE0F /* LoginViewController.swift */; };
/* End PBXBuildFile section */

/* Begin PBXContainerItemProxy section */
		22A1C9F21C76A26E00ACBE0F /* PBXContainerItemProxy */ = {
			isa = PBXContainerItemProxy;
			containerPortal = 22A1C9D01C76A26D00ACBE0F /* Project object */;
			proxyType = 1;
			remoteGlobalIDString = 22A1C9D71C76A26D00ACBE0F;
			remoteInfo = Wescam;
		};
		22A1C9FD1C76A26E00ACBE0F /* PBXContainerItemProxy */ = {
			isa = PBXContainerItemProxy;
			containerPortal = 22A1C9D01C76A26D00ACBE0F /* Project object */;
			proxyType = 1;
			remoteGlobalIDString = 22A1C9D71C76A26D00ACBE0F;
			remoteInfo = Wescam;
		};
/* End PBXContainerItemProxy section */

/* Begin PBXFileReference section */
		22A1C9D81C76A26D00ACBE0F /* Wescam.app */ = {isa = PBXFileReference; explicitFileType = wrapper.application; includeInIndex = 0; path = Wescam.app; sourceTree = BUILT_PRODUCTS_DIR; };
		22A1C9DB1C76A26D00ACBE0F /* AppDelegate.swift */ = {isa = PBXFileReference; lastKnownFileType = sourcecode.swift; path = AppDelegate.swift; sourceTree = "<group>"; };
		22A1C9E01C76A26D00ACBE0F /* MasterViewController.swift */ = {isa = PBXFileReference; lastKnownFileType = sourcecode.swift; path = MasterViewController.swift; sourceTree = "<group>"; };
		22A1C9E21C76A26D00ACBE0F /* DetailViewController.swift */ = {isa = PBXFileReference; lastKnownFileType = sourcecode.swift; path = DetailViewController.swift; sourceTree = "<group>"; };
		22A1C9E51C76A26D00ACBE0F /* Base */ = {isa = PBXFileReference; lastKnownFileType = file.storyboard; name = Base; path = Base.lproj/Main.storyboard; sourceTree = "<group>"; };
		22A1C9E71C76A26E00ACBE0F /* Assets.xcassets */ = {isa = PBXFileReference; lastKnownFileType = folder.assetcatalog; path = Assets.xcassets; sourceTree = "<group>"; };
		22A1C9EA1C76A26E00ACBE0F /* Base */ = {isa = PBXFileReference; lastKnownFileType = file.storyboard; name = Base; path = Base.lproj/LaunchScreen.storyboard; sourceTree = "<group>"; };
		22A1C9EC1C76A26E00ACBE0F /* Info.plist */ = {isa = PBXFileReference; lastKnownFileType = text.plist.xml; path = Info.plist; sourceTree = "<group>"; };
		22A1C9F11C76A26E00ACBE0F /* WescamTests.xctest */ = {isa = PBXFileReference; explicitFileType = wrapper.cfbundle; includeInIndex = 0; path = WescamTests.xctest; sourceTree = BUILT_PRODUCTS_DIR; };
		22A1C9F51C76A26E00ACBE0F /* WescamTests.swift */ = {isa = PBXFileReference; lastKnownFileType = sourcecode.swift; path = WescamTests.swift; sourceTree = "<group>"; };
		22A1C9F71C76A26E00ACBE0F /* Info.plist */ = {isa = PBXFileReference; lastKnownFileType = text.plist.xml; path = Info.plist; sourceTree = "<group>"; };
		22A1C9FC1C76A26E00ACBE0F /* WescamUITests.xctest */ = {isa = PBXFileReference; explicitFileType = wrapper.cfbundle; includeInIndex = 0; path = WescamUITests.xctest; sourceTree = BUILT_PRODUCTS_DIR; };
		22A1CA001C76A26E00ACBE0F /* WescamUITests.swift */ = {isa = PBXFileReference; lastKnownFileType = sourcecode.swift; path = WescamUITests.swift; sourceTree = "<group>"; };
		22A1CA021C76A26E00ACBE0F /* Info.plist */ = {isa = PBXFileReference; lastKnownFileType = text.plist.xml; path = Info.plist; sourceTree = "<group>"; };
		22A1CA0E1C778BC100ACBE0F /* LoginViewController.swift */ = {isa = PBXFileReference; fileEncoding = 4; lastKnownFileType = sourcecode.swift; path = LoginViewController.swift; sourceTree = "<group>"; };
/* End PBXFileReference section */

/* Begin PBXFrameworksBuildPhase section */
		22A1C9D51C76A26D00ACBE0F /* Frameworks */ = {
			isa = PBXFrameworksBuildPhase;
			buildActionMask = 2147483647;
			files = (
			);
			runOnlyForDeploymentPostprocessing = 0;
		};
		22A1C9EE1C76A26E00ACBE0F /* Frameworks */ = {
			isa = PBXFrameworksBuildPhase;
			buildActionMask = 2147483647;
			files = (
			);
			runOnlyForDeploymentPostprocessing = 0;
		};
		22A1C9F91C76A26E00ACBE0F /* Frameworks */ = {
			isa = PBXFrameworksBuildPhase;
			buildActionMask = 2147483647;
			files = (
			);
			runOnlyForDeploymentPostprocessing = 0;
		};
/* End PBXFrameworksBuildPhase section */

/* Begin PBXGroup section */
		22A1C9CF1C76A26D00ACBE0F = {
			isa = PBXGroup;
			children = (
				22A1C9DA1C76A26D00ACBE0F /* Wescam */,
				22A1C9F41C76A26E00ACBE0F /* WescamTests */,
				22A1C9FF1C76A26E00ACBE0F /* WescamUITests */,
				22A1C9D91C76A26D00ACBE0F /* Products */,
			);
			sourceTree = "<group>";
		};
		22A1C9D91C76A26D00ACBE0F /* Products */ = {
			isa = PBXGroup;
			children = (
				22A1C9D81C76A26D00ACBE0F /* Wescam.app */,
				22A1C9F11C76A26E00ACBE0F /* WescamTests.xctest */,
				22A1C9FC1C76A26E00ACBE0F /* WescamUITests.xctest */,
			);
			name = Products;
			sourceTree = "<group>";
		};
		22A1C9DA1C76A26D00ACBE0F /* Wescam */ = {
			isa = PBXGroup;
			children = (
				22A1C9DB1C76A26D00ACBE0F /* AppDelegate.swift */,
				22A1C9E01C76A26D00ACBE0F /* MasterViewController.swift */,
				22A1C9E21C76A26D00ACBE0F /* DetailViewController.swift */,
				22A1C9E41C76A26D00ACBE0F /* Main.storyboard */,
				22A1CA0E1C778BC100ACBE0F /* LoginViewController.swift */,
				22A1C9E71C76A26E00ACBE0F /* Assets.xcassets */,
				22A1C9E91C76A26E00ACBE0F /* LaunchScreen.storyboard */,
				22A1C9EC1C76A26E00ACBE0F /* Info.plist */,
			);
			path = Wescam;
			sourceTree = "<group>";
		};
		22A1C9F41C76A26E00ACBE0F /* WescamTests */ = {
			isa = PBXGroup;
			children = (
				22A1C9F51C76A26E00ACBE0F /* WescamTests.swift */,
				22A1C9F71C76A26E00ACBE0F /* Info.plist */,
			);
			path = WescamTests;
			sourceTree = "<group>";
		};
		22A1C9FF1C76A26E00ACBE0F /* WescamUITests */ = {
			isa = PBXGroup;
			children = (
				22A1CA001C76A26E00ACBE0F /* WescamUITests.swift */,
				22A1CA021C76A26E00ACBE0F /* Info.plist */,
			);
			path = WescamUITests;
			sourceTree = "<group>";
		};
/* End PBXGroup section */

/* Begin PBXNativeTarget section */
		22A1C9D71C76A26D00ACBE0F /* Wescam */ = {
			isa = PBXNativeTarget;
			buildConfigurationList = 22A1CA051C76A26E00ACBE0F /* Build configuration list for PBXNativeTarget "Wescam" */;
			buildPhases = (
				22A1C9D41C76A26D00ACBE0F /* Sources */,
				22A1C9D51C76A26D00ACBE0F /* Frameworks */,
				22A1C9D61C76A26D00ACBE0F /* Resources */,
			);
			buildRules = (
			);
			dependencies = (
			);
			name = Wescam;
			productName = Wescam;
			productReference = 22A1C9D81C76A26D00ACBE0F /* Wescam.app */;
			productType = "com.apple.product-type.application";
		};
		22A1C9F01C76A26E00ACBE0F /* WescamTests */ = {
			isa = PBXNativeTarget;
			buildConfigurationList = 22A1CA081C76A26E00ACBE0F /* Build configuration list for PBXNativeTarget "WescamTests" */;
			buildPhases = (
				22A1C9ED1C76A26E00ACBE0F /* Sources */,
				22A1C9EE1C76A26E00ACBE0F /* Frameworks */,
				22A1C9EF1C76A26E00ACBE0F /* Resources */,
			);
			buildRules = (
			);
			dependencies = (
				22A1C9F31C76A26E00ACBE0F /* PBXTargetDependency */,
			);
			name = WescamTests;
			productName = WescamTests;
			productReference = 22A1C9F11C76A26E00ACBE0F /* WescamTests.xctest */;
			productType = "com.apple.product-type.bundle.unit-test";
		};
		22A1C9FB1C76A26E00ACBE0F /* WescamUITests */ = {
			isa = PBXNativeTarget;
			buildConfigurationList = 22A1CA0B1C76A26E00ACBE0F /* Build configuration list for PBXNativeTarget "WescamUITests" */;
			buildPhases = (
				22A1C9F81C76A26E00ACBE0F /* Sources */,
				22A1C9F91C76A26E00ACBE0F /* Frameworks */,
				22A1C9FA1C76A26E00ACBE0F /* Resources */,
			);
			buildRules = (
			);
			dependencies = (
				22A1C9FE1C76A26E00ACBE0F /* PBXTargetDependency */,
			);
			name = WescamUITests;
			productName = WescamUITests;
			productReference = 22A1C9FC1C76A26E00ACBE0F /* WescamUITests.xctest */;
			productType = "com.apple.product-type.bundle.ui-testing";
		};
/* End PBXNativeTarget section */

/* Begin PBXProject section */
		22A1C9D01C76A26D00ACBE0F /* Project object */ = {
			isa = PBXProject;
			attributes = {
				LastSwiftUpdateCheck = 0720;
				LastUpgradeCheck = 0720;
				ORGANIZATIONNAME = "Kerbine, LLC";
				TargetAttributes = {
					22A1C9D71C76A26D00ACBE0F = {
						CreatedOnToolsVersion = 7.2.1;
					};
					22A1C9F01C76A26E00ACBE0F = {
						CreatedOnToolsVersion = 7.2.1;
						TestTargetID = 22A1C9D71C76A26D00ACBE0F;
					};
					22A1C9FB1C76A26E00ACBE0F = {
						CreatedOnToolsVersion = 7.2.1;
						TestTargetID = 22A1C9D71C76A26D00ACBE0F;
					};
				};
			};
			buildConfigurationList = 22A1C9D31C76A26D00ACBE0F /* Build configuration list for PBXProject "Wescam" */;
			compatibilityVersion = "Xcode 3.2";
			developmentRegion = English;
			hasScannedForEncodings = 0;
			knownRegions = (
				en,
				Base,
			);
			mainGroup = 22A1C9CF1C76A26D00ACBE0F;
			productRefGroup = 22A1C9D91C76A26D00ACBE0F /* Products */;
			projectDirPath = "";
			projectRoot = "";
			targets = (
				22A1C9D71C76A26D00ACBE0F /* Wescam */,
				22A1C9F01C76A26E00ACBE0F /* WescamTests */,
				22A1C9FB1C76A26E00ACBE0F /* WescamUITests */,
			);
		};
/* End PBXProject section */

/* Begin PBXResourcesBuildPhase section */
		22A1C9D61C76A26D00ACBE0F /* Resources */ = {
			isa = PBXResourcesBuildPhase;
			buildActionMask = 2147483647;
			files = (
				22A1C9EB1C76A26E00ACBE0F /* LaunchScreen.storyboard in Resources */,
				22A1C9E81C76A26E00ACBE0F /* Assets.xcassets in Resources */,
				22A1C9E61C76A26D00ACBE0F /* Main.storyboard in Resources */,
			);
			runOnlyForDeploymentPostprocessing = 0;
		};
		22A1C9EF1C76A26E00ACBE0F /* Resources */ = {
			isa = PBXResourcesBuildPhase;
			buildActionMask = 2147483647;
			files = (
			);
			runOnlyForDeploymentPostprocessing = 0;
		};
		22A1C9FA1C76A26E00ACBE0F /* Resources */ = {
			isa = PBXResourcesBuildPhase;
			buildActionMask = 2147483647;
			files = (
			);
			runOnlyForDeploymentPostprocessing = 0;
		};
/* End PBXResourcesBuildPhase section */

/* Begin PBXSourcesBuildPhase section */
		22A1C9D41C76A26D00ACBE0F /* Sources */ = {
			isa = PBXSourcesBuildPhase;
			buildActionMask = 2147483647;
			files = (
				22A1C9DC1C76A26D00ACBE0F /* AppDelegate.swift in Sources */,
				22A1C9E11C76A26D00ACBE0F /* MasterViewController.swift in Sources */,
				22A1CA0F1C778BC100ACBE0F /* LoginViewController.swift in Sources */,
				22A1C9E31C76A26D00ACBE0F /* DetailViewController.swift in Sources */,
			);
			runOnlyForDeploymentPostprocessing = 0;
		};
		22A1C9ED1C76A26E00ACBE0F /* Sources */ = {
			isa = PBXSourcesBuildPhase;
			buildActionMask = 2147483647;
			files = (
				22A1C9F61C76A26E00ACBE0F /* WescamTests.swift in Sources */,
			);
			runOnlyForDeploymentPostprocessing = 0;
		};
		22A1C9F81C76A26E00ACBE0F /* Sources */ = {
			isa = PBXSourcesBuildPhase;
			buildActionMask = 2147483647;
			files = (
				22A1CA011C76A26E00ACBE0F /* WescamUITests.swift in Sources */,
			);
			runOnlyForDeploymentPostprocessing = 0;
		};
/* End PBXSourcesBuildPhase section */

/* Begin PBXTargetDependency section */
		22A1C9F31C76A26E00ACBE0F /* PBXTargetDependency */ = {
			isa = PBXTargetDependency;
			target = 22A1C9D71C76A26D00ACBE0F /* Wescam */;
			targetProxy = 22A1C9F21C76A26E00ACBE0F /* PBXContainerItemProxy */;
		};
		22A1C9FE1C76A26E00ACBE0F /* PBXTargetDependency */ = {
			isa = PBXTargetDependency;
			target = 22A1C9D71C76A26D00ACBE0F /* Wescam */;
			targetProxy = 22A1C9FD1C76A26E00ACBE0F /* PBXContainerItemProxy */;
		};
/* End PBXTargetDependency section */

/* Begin PBXVariantGroup section */
		22A1C9E41C76A26D00ACBE0F /* Main.storyboard */ = {
			isa = PBXVariantGroup;
			children = (
				22A1C9E51C76A26D00ACBE0F /* Base */,
			);
			name = Main.storyboard;
			sourceTree = "<group>";
		};
		22A1C9E91C76A26E00ACBE0F /* LaunchScreen.storyboard */ = {
			isa = PBXVariantGroup;
			children = (
				22A1C9EA1C76A26E00ACBE0F /* Base */,
			);
			name = LaunchScreen.storyboard;
			sourceTree = "<group>";
		};
/* End PBXVariantGroup section */

/* Begin XCBuildConfiguration section */
		22A1CA031C76A26E00ACBE0F /* Debug */ = {
			isa = XCBuildConfiguration;
			buildSettings = {
				ALWAYS_SEARCH_USER_PATHS = NO;
				CLANG_CXX_LANGUAGE_STANDARD = "gnu++0x";
				CLANG_CXX_LIBRARY = "libc++";
				CLANG_ENABLE_MODULES = YES;
				CLANG_ENABLE_OBJC_ARC = YES;
				CLANG_WARN_BOOL_CONVERSION = YES;
				CLANG_WARN_CONSTANT_CONVERSION = YES;
				CLANG_WARN_DIRECT_OBJC_ISA_USAGE = YES_ERROR;
				CLANG_WARN_EMPTY_BODY = YES;
				CLANG_WARN_ENUM_CONVERSION = YES;
				CLANG_WARN_INT_CONVERSION = YES;
				CLANG_WARN_OBJC_ROOT_CLASS = YES_ERROR;
				CLANG_WARN_UNREACHABLE_CODE = YES;
				CLANG_WARN__DUPLICATE_METHOD_MATCH = YES;
				"CODE_SIGN_IDENTITY[sdk=iphoneos*]" = "iPhone Developer";
				COPY_PHASE_STRIP = NO;
				DEBUG_INFORMATION_FORMAT = dwarf;
				ENABLE_STRICT_OBJC_MSGSEND = YES;
				ENABLE_TESTABILITY = YES;
				GCC_C_LANGUAGE_STANDARD = gnu99;
				GCC_DYNAMIC_NO_PIC = NO;
				GCC_NO_COMMON_BLOCKS = YES;
				GCC_OPTIMIZATION_LEVEL = 0;
				GCC_PREPROCESSOR_DEFINITIONS = (
					"DEBUG=1",
					"$(inherited)",
				);
				GCC_WARN_64_TO_32_BIT_CONVERSION = YES;
				GCC_WARN_ABOUT_RETURN_TYPE = YES_ERROR;
				GCC_WARN_UNDECLARED_SELECTOR = YES;
				GCC_WARN_UNINITIALIZED_AUTOS = YES_AGGRESSIVE;
				GCC_WARN_UNUSED_FUNCTION = YES;
				GCC_WARN_UNUSED_VARIABLE = YES;
				IPHONEOS_DEPLOYMENT_TARGET = 9.2;
				MTL_ENABLE_DEBUG_INFO = YES;
				ONLY_ACTIVE_ARCH = YES;
				SDKROOT = iphoneos;
				SWIFT_OPTIMIZATION_LEVEL = "-Onone";
			};
			name = Debug;
		};
		22A1CA041C76A26E00ACBE0F /* Release */ = {
			isa = XCBuildConfiguration;
			buildSettings = {
				ALWAYS_SEARCH_USER_PATHS = NO;
				CLANG_CXX_LANGUAGE_STANDARD = "gnu++0x";
				CLANG_CXX_LIBRARY = "libc++";
				CLANG_ENABLE_MODULES = YES;
				CLANG_ENABLE_OBJC_ARC = YES;
				CLANG_WARN_BOOL_CONVERSION = YES;
				CLANG_WARN_CONSTANT_CONVERSION = YES;
				CLANG_WARN_DIRECT_OBJC_ISA_USAGE = YES_ERROR;
				CLANG_WARN_EMPTY_BODY = YES;
				CLANG_WARN_ENUM_CONVERSION = YES;
				CLANG_WARN_INT_CONVERSION = YES;
				CLANG_WARN_OBJC_ROOT_CLASS = YES_ERROR;
				CLANG_WARN_UNREACHABLE_CODE = YES;
				CLANG_WARN__DUPLICATE_METHOD_MATCH = YES;
				"CODE_SIGN_IDENTITY[sdk=iphoneos*]" = "iPhone Developer";
				COPY_PHASE_STRIP = NO;
				DEBUG_INFORMATION_FORMAT = "dwarf-with-dsym";
				ENABLE_NS_ASSERTIONS = NO;
				ENABLE_STRICT_OBJC_MSGSEND = YES;
				GCC_C_LANGUAGE_STANDARD = gnu99;
				GCC_NO_COMMON_BLOCKS = YES;
				GCC_WARN_64_TO_32_BIT_CONVERSION = YES;
				GCC_WARN_ABOUT_RETURN_TYPE = YES_ERROR;
				GCC_WARN_UNDECLARED_SELECTOR = YES;
				GCC_WARN_UNINITIALIZED_AUTOS = YES_AGGRESSIVE;
				GCC_WARN_UNUSED_FUNCTION = YES;
				GCC_WARN_UNUSED_VARIABLE = YES;
				IPHONEOS_DEPLOYMENT_TARGET = 9.2;
				MTL_ENABLE_DEBUG_INFO = NO;
				SDKROOT = iphoneos;
				VALIDATE_PRODUCT = YES;
			};
			name = Release;
		};
		22A1CA061C76A26E00ACBE0F /* Debug */ = {
			isa = XCBuildConfiguration;
			buildSettings = {
				ASSETCATALOG_COMPILER_APPICON_NAME = AppIcon;
				INFOPLIST_FILE = Wescam/Info.plist;
				LD_RUNPATH_SEARCH_PATHS = "$(inherited) @executable_path/Frameworks";
				PRODUCT_BUNDLE_IDENTIFIER = com.kerbine.Wescam;
				PRODUCT_NAME = "$(TARGET_NAME)";
			};
			name = Debug;
		};
		22A1CA071C76A26E00ACBE0F /* Release */ = {
			isa = XCBuildConfiguration;
			buildSettings = {
				ASSETCATALOG_COMPILER_APPICON_NAME = AppIcon;
				INFOPLIST_FILE = Wescam/Info.plist;
				LD_RUNPATH_SEARCH_PATHS = "$(inherited) @executable_path/Frameworks";
				PRODUCT_BUNDLE_IDENTIFIER = com.kerbine.Wescam;
				PRODUCT_NAME = "$(TARGET_NAME)";
			};
			name = Release;
		};
		22A1CA091C76A26E00ACBE0F /* Debug */ = {
			isa = XCBuildConfiguration;
			buildSettings = {
				BUNDLE_LOADER = "$(TEST_HOST)";
				INFOPLIST_FILE = WescamTests/Info.plist;
				LD_RUNPATH_SEARCH_PATHS = "$(inherited) @executable_path/Frameworks @loader_path/Frameworks";
				PRODUCT_BUNDLE_IDENTIFIER = com.kerbine.WescamTests;
				PRODUCT_NAME = "$(TARGET_NAME)";
				TEST_HOST = "$(BUILT_PRODUCTS_DIR)/Wescam.app/Wescam";
			};
			name = Debug;
		};
		22A1CA0A1C76A26E00ACBE0F /* Release */ = {
			isa = XCBuildConfiguration;
			buildSettings = {
				BUNDLE_LOADER = "$(TEST_HOST)";
				INFOPLIST_FILE = WescamTests/Info.plist;
				LD_RUNPATH_SEARCH_PATHS = "$(inherited) @executable_path/Frameworks @loader_path/Frameworks";
				PRODUCT_BUNDLE_IDENTIFIER = com.kerbine.WescamTests;
				PRODUCT_NAME = "$(TARGET_NAME)";
				TEST_HOST = "$(BUILT_PRODUCTS_DIR)/Wescam.app/Wescam";
			};
			name = Release;
		};
		22A1CA0C1C76A26E00ACBE0F /* Debug */ = {
			isa = XCBuildConfiguration;
			buildSettings = {
				INFOPLIST_FILE = WescamUITests/Info.plist;
				LD_RUNPATH_SEARCH_PATHS = "$(inherited) @executable_path/Frameworks @loader_path/Frameworks";
				PRODUCT_BUNDLE_IDENTIFIER = com.kerbine.WescamUITests;
				PRODUCT_NAME = "$(TARGET_NAME)";
				TEST_TARGET_NAME = Wescam;
				USES_XCTRUNNER = YES;
			};
			name = Debug;
		};
		22A1CA0D1C76A26E00ACBE0F /* Release */ = {
			isa = XCBuildConfiguration;
			buildSettings = {
				INFOPLIST_FILE = WescamUITests/Info.plist;
				LD_RUNPATH_SEARCH_PATHS = "$(inherited) @executable_path/Frameworks @loader_path/Frameworks";
				PRODUCT_BUNDLE_IDENTIFIER = com.kerbine.WescamUITests;
				PRODUCT_NAME = "$(TARGET_NAME)";
				TEST_TARGET_NAME = Wescam;
				USES_XCTRUNNER = YES;
			};
			name = Release;
		};
/* End XCBuildConfiguration section */

/* Begin XCConfigurationList section */
		22A1C9D31C76A26D00ACBE0F /* Build configuration list for PBXProject "Wescam" */ = {
			isa = XCConfigurationList;
			buildConfigurations = (
				22A1CA031C76A26E00ACBE0F /* Debug */,
				22A1CA041C76A26E00ACBE0F /* Release */,
			);
			defaultConfigurationIsVisible = 0;
			defaultConfigurationName = Release;
		};
		22A1CA051C76A26E00ACBE0F /* Build configuration list for PBXNativeTarget "Wescam" */ = {
			isa = XCConfigurationList;
			buildConfigurations = (
				22A1CA061C76A26E00ACBE0F /* Debug */,
				22A1CA071C76A26E00ACBE0F /* Release */,
			);
			defaultConfigurationIsVisible = 0;
			defaultConfigurationName = Release;
		};
		22A1CA081C76A26E00ACBE0F /* Build configuration list for PBXNativeTarget "WescamTests" */ = {
			isa = XCConfigurationList;
			buildConfigurations = (
				22A1CA091C76A26E00ACBE0F /* Debug */,
				22A1CA0A1C76A26E00ACBE0F /* Release */,
			);
			defaultConfigurationIsVisible = 0;
			defaultConfigurationName = Release;
		};
		22A1CA0B1C76A26E00ACBE0F /* Build configuration list for PBXNativeTarget "WescamUITests" */ = {
			isa = XCConfigurationList;
			buildConfigurations = (
				22A1CA0C1C76A26E00ACBE0F /* Debug */,
				22A1CA0D1C76A26E00ACBE0F /* Release */,
			);
			defaultConfigurationIsVisible = 0;
			defaultConfigurationName = Release;
		};
/* End XCConfigurationList section */
	};
	rootObject = 22A1C9D01C76A26D00ACBE0F /* Project object */;
}
